
Microsoft Visual Studio Solution File, Format Version 12.00
# Visual Studio 14
VisualStudioVersion = 14.0.25420.1
MinimumVisualStudioVersion = 10.0.40219.1
Project("{FAE04EC0-301F-11D3-BF4B-00C04F79EFBC}") = "Moments.APIs.ServiceContract", "Moments.APis.ServiceContract\Moments.APIs.ServiceContract.csproj", "{750A8529-528B-46B2-BDF9-4BA336F1446E}"
EndProject
Project("{FAE04EC0-301F-11D3-BF4B-00C04F79EFBC}") = "Moments.APIs.DataContract", "Moments.APIs.DataContract\Moments.APIs.DataContract.csproj", "{8363FE7D-F413-4E34-9276-A9C62EEE394F}"
EndProject
Project("{2150E333-8FDC-42A3-9474-1A3956D46DE8}") = "Core", "Core", "{9A803625-0B9B-426D-A16C-EE1639B44FD7}"
EndProject
Project("{2150E333-8FDC-42A3-9474-1A3956D46DE8}") = "Host", "Host", "{BCD8000F-0351-454A-A2B5-DF3601DCCB77}"
EndProject
Project("{2150E333-8FDC-42A3-9474-1A3956D46DE8}") = "Contracts", "Contracts", "{BA53630B-079F-4A2E-A99E-62DF9B15C641}"
EndProject
Project("{2150E333-8FDC-42A3-9474-1A3956D46DE8}") = "Data", "Data", "{40C94AD3-2D7E-4610-A22B-7F52090675C5}"
EndProject
Project("{2150E333-8FDC-42A3-9474-1A3956D46DE8}") = "Infrastructure", "Infrastructure", "{B29F26DD-A623-410F-B295-CF5839CC48DF}"
EndProject
Project("{2150E333-8FDC-42A3-9474-1A3956D46DE8}") = "Tests", "Tests", "{0361366E-B22E-42E9-8008-62CBAC419257}"
EndProject
Project("{FAE04EC0-301F-11D3-BF4B-00C04F79EFBC}") = "Moments.Host", "Moments.Host\Moments.Host.csproj", "{E98AC8FF-2403-4629-867D-02BCEE07F397}"
EndProject
Project("{FAE04EC0-301F-11D3-BF4B-00C04F79EFBC}") = "Moments.APIs.Core", "Moments.APIs.Core\Moments.APIs.Core.csproj", "{F970D601-FF65-4548-924B-CFE1A97C1D05}"
EndProject
Project("{FAE04EC0-301F-11D3-BF4B-00C04F79EFBC}") = "Moments.Data.MySqlDataSource", "Moments.Data.MySqlDataSource\Moments.Data.MySqlDataSource.csproj", "{00B2ED18-1B85-43DA-A824-CB92D2C8B8E8}"
EndProject
Project("{FAE04EC0-301F-11D3-BF4B-00C04F79EFBC}") = "Moments.MySqlDb.UnitTest", "Moments.MySqlDataSource.UnitTest\Moments.MySqlDb.UnitTest.csproj", "{88A99F19-C417-4BF9-9017-E1B708F3DC32}"
EndProject
Project("{FAE04EC0-301F-11D3-BF4B-00C04F79EFBC}") = "Moments.UnitTest", "Moments.UnitTest\Moments.UnitTest.csproj", "{93E15D3D-04B2-48DD-80A5-8C0DAAB9ED05}"
EndProject
Project("{FAE04EC0-301F-11D3-BF4B-00C04F79EFBC}") = "Moments.AmazonAPIs.Test", "Moments.AmazonAPIs.Test\Moments.AmazonAPIs.Test.csproj", "{61A66AC5-E8D5-4E30-81D7-AD2FF840A13E}"
EndProject
Global
	GlobalSection(SolutionConfigurationPlatforms) = preSolution
		Debug|Any CPU = Debug|Any CPU
		Prod|Any CPU = Prod|Any CPU
		Release|Any CPU = Release|Any CPU
		Stage|Any CPU = Stage|Any CPU
	EndGlobalSection
	GlobalSection(ProjectConfigurationPlatforms) = postSolution
		{750A8529-528B-46B2-BDF9-4BA336F1446E}.Debug|Any CPU.ActiveCfg = Debug|Any CPU
		{750A8529-528B-46B2-BDF9-4BA336F1446E}.Debug|Any CPU.Build.0 = Debug|Any CPU
		{750A8529-528B-46B2-BDF9-4BA336F1446E}.Prod|Any CPU.ActiveCfg = Release|Any CPU
		{750A8529-528B-46B2-BDF9-4BA336F1446E}.Prod|Any CPU.Build.0 = Release|Any CPU
		{750A8529-528B-46B2-BDF9-4BA336F1446E}.Release|Any CPU.ActiveCfg = Release|Any CPU
		{750A8529-528B-46B2-BDF9-4BA336F1446E}.Release|Any CPU.Build.0 = Release|Any CPU
		{750A8529-528B-46B2-BDF9-4BA336F1446E}.Stage|Any CPU.ActiveCfg = Release|Any CPU
		{750A8529-528B-46B2-BDF9-4BA336F1446E}.Stage|Any CPU.Build.0 = Release|Any CPU
		{8363FE7D-F413-4E34-9276-A9C62EEE394F}.Debug|Any CPU.ActiveCfg = Debug|Any CPU
		{8363FE7D-F413-4E34-9276-A9C62EEE394F}.Debug|Any CPU.Build.0 = Debug|Any CPU
		{8363FE7D-F413-4E34-9276-A9C62EEE394F}.Prod|Any CPU.ActiveCfg = Release|Any CPU
		{8363FE7D-F413-4E34-9276-A9C62EEE394F}.Prod|Any CPU.Build.0 = Release|Any CPU
		{8363FE7D-F413-4E34-9276-A9C62EEE394F}.Release|Any CPU.ActiveCfg = Release|Any CPU
		{8363FE7D-F413-4E34-9276-A9C62EEE394F}.Release|Any CPU.Build.0 = Release|Any CPU
		{8363FE7D-F413-4E34-9276-A9C62EEE394F}.Stage|Any CPU.ActiveCfg = Release|Any CPU
		{8363FE7D-F413-4E34-9276-A9C62EEE394F}.Stage|Any CPU.Build.0 = Release|Any CPU
		{E98AC8FF-2403-4629-867D-02BCEE07F397}.Debug|Any CPU.ActiveCfg = Debug|Any CPU
		{E98AC8FF-2403-4629-867D-02BCEE07F397}.Debug|Any CPU.Build.0 = Debug|Any CPU
		{E98AC8FF-2403-4629-867D-02BCEE07F397}.Prod|Any CPU.ActiveCfg = Prod|Any CPU
		{E98AC8FF-2403-4629-867D-02BCEE07F397}.Prod|Any CPU.Build.0 = Prod|Any CPU
		{E98AC8FF-2403-4629-867D-02BCEE07F397}.Release|Any CPU.ActiveCfg = Release|Any CPU
		{E98AC8FF-2403-4629-867D-02BCEE07F397}.Release|Any CPU.Build.0 = Release|Any CPU
		{E98AC8FF-2403-4629-867D-02BCEE07F397}.Stage|Any CPU.ActiveCfg = Stage|Any CPU
		{E98AC8FF-2403-4629-867D-02BCEE07F397}.Stage|Any CPU.Build.0 = Stage|Any CPU
		{F970D601-FF65-4548-924B-CFE1A97C1D05}.Debug|Any CPU.ActiveCfg = Debug|Any CPU
		{F970D601-FF65-4548-924B-CFE1A97C1D05}.Debug|Any CPU.Build.0 = Debug|Any CPU
		{F970D601-FF65-4548-924B-CFE1A97C1D05}.Prod|Any CPU.ActiveCfg = Release|Any CPU
		{F970D601-FF65-4548-924B-CFE1A97C1D05}.Prod|Any CPU.Build.0 = Release|Any CPU
		{F970D601-FF65-4548-924B-CFE1A97C1D05}.Release|Any CPU.ActiveCfg = Release|Any CPU
		{F970D601-FF65-4548-924B-CFE1A97C1D05}.Release|Any CPU.Build.0 = Release|Any CPU
		{F970D601-FF65-4548-924B-CFE1A97C1D05}.Stage|Any CPU.ActiveCfg = Release|Any CPU
		{F970D601-FF65-4548-924B-CFE1A97C1D05}.Stage|Any CPU.Build.0 = Release|Any CPU
		{00B2ED18-1B85-43DA-A824-CB92D2C8B8E8}.Debug|Any CPU.ActiveCfg = Debug|Any CPU
		{00B2ED18-1B85-43DA-A824-CB92D2C8B8E8}.Debug|Any CPU.Build.0 = Debug|Any CPU
		{00B2ED18-1B85-43DA-A824-CB92D2C8B8E8}.Prod|Any CPU.ActiveCfg = Release|Any CPU
		{00B2ED18-1B85-43DA-A824-CB92D2C8B8E8}.Release|Any CPU.ActiveCfg = Release|Any CPU
		{00B2ED18-1B85-43DA-A824-CB92D2C8B8E8}.Release|Any CPU.Build.0 = Release|Any CPU
		{00B2ED18-1B85-43DA-A824-CB92D2C8B8E8}.Stage|Any CPU.ActiveCfg = Release|Any CPU
		{88A99F19-C417-4BF9-9017-E1B708F3DC32}.Debug|Any CPU.ActiveCfg = Debug|Any CPU
		{88A99F19-C417-4BF9-9017-E1B708F3DC32}.Debug|Any CPU.Build.0 = Debug|Any CPU
		{88A99F19-C417-4BF9-9017-E1B708F3DC32}.Prod|Any CPU.ActiveCfg = Release|Any CPU
		{88A99F19-C417-4BF9-9017-E1B708F3DC32}.Release|Any CPU.ActiveCfg = Release|Any CPU
		{88A99F19-C417-4BF9-9017-E1B708F3DC32}.Release|Any CPU.Build.0 = Release|Any CPU
		{88A99F19-C417-4BF9-9017-E1B708F3DC32}.Stage|Any CPU.ActiveCfg = Release|Any CPU
		{93E15D3D-04B2-48DD-80A5-8C0DAAB9ED05}.Debug|Any CPU.ActiveCfg = Debug|Any CPU
		{93E15D3D-04B2-48DD-80A5-8C0DAAB9ED05}.Debug|Any CPU.Build.0 = Debug|Any CPU
		{93E15D3D-04B2-48DD-80A5-8C0DAAB9ED05}.Prod|Any CPU.ActiveCfg = Release|Any CPU
		{93E15D3D-04B2-48DD-80A5-8C0DAAB9ED05}.Prod|Any CPU.Build.0 = Release|Any CPU
		{93E15D3D-04B2-48DD-80A5-8C0DAAB9ED05}.Release|Any CPU.ActiveCfg = Release|Any CPU
		{93E15D3D-04B2-48DD-80A5-8C0DAAB9ED05}.Release|Any CPU.Build.0 = Release|Any CPU
		{93E15D3D-04B2-48DD-80A5-8C0DAAB9ED05}.Stage|Any CPU.ActiveCfg = Release|Any CPU
		{93E15D3D-04B2-48DD-80A5-8C0DAAB9ED05}.Stage|Any CPU.Build.0 = Release|Any CPU
		{61A66AC5-E8D5-4E30-81D7-AD2FF840A13E}.Debug|Any CPU.ActiveCfg = Debug|Any CPU
		{61A66AC5-E8D5-4E30-81D7-AD2FF840A13E}.Debug|Any CPU.Build.0 = Debug|Any CPU
		{61A66AC5-E8D5-4E30-81D7-AD2FF840A13E}.Prod|Any CPU.ActiveCfg = Release|Any CPU
		{61A66AC5-E8D5-4E30-81D7-AD2FF840A13E}.Prod|Any CPU.Build.0 = Release|Any CPU
		{61A66AC5-E8D5-4E30-81D7-AD2FF840A13E}.Release|Any CPU.ActiveCfg = Release|Any CPU
		{61A66AC5-E8D5-4E30-81D7-AD2FF840A13E}.Release|Any CPU.Build.0 = Release|Any CPU
		{61A66AC5-E8D5-4E30-81D7-AD2FF840A13E}.Stage|Any CPU.ActiveCfg = Release|Any CPU
		{61A66AC5-E8D5-4E30-81D7-AD2FF840A13E}.Stage|Any CPU.Build.0 = Release|Any CPU
	EndGlobalSection
	GlobalSection(SolutionProperties) = preSolution
		HideSolutionNode = FALSE
	EndGlobalSection
	GlobalSection(NestedProjects) = preSolution
		{750A8529-528B-46B2-BDF9-4BA336F1446E} = {BA53630B-079F-4A2E-A99E-62DF9B15C641}
		{8363FE7D-F413-4E34-9276-A9C62EEE394F} = {BA53630B-079F-4A2E-A99E-62DF9B15C641}
		{E98AC8FF-2403-4629-867D-02BCEE07F397} = {BCD8000F-0351-454A-A2B5-DF3601DCCB77}
		{F970D601-FF65-4548-924B-CFE1A97C1D05} = {9A803625-0B9B-426D-A16C-EE1639B44FD7}
		{00B2ED18-1B85-43DA-A824-CB92D2C8B8E8} = {40C94AD3-2D7E-4610-A22B-7F52090675C5}
		{88A99F19-C417-4BF9-9017-E1B708F3DC32} = {0361366E-B22E-42E9-8008-62CBAC419257}
		{93E15D3D-04B2-48DD-80A5-8C0DAAB9ED05} = {0361366E-B22E-42E9-8008-62CBAC419257}
		{61A66AC5-E8D5-4E30-81D7-AD2FF840A13E} = {0361366E-B22E-42E9-8008-62CBAC419257}
	EndGlobalSection
EndGlobal
